dependencies:
- name: crucible-apps
  repository: https://helm.cmusei.dev/charts
  version: 0.2.3
- name: gitea
  repository: ""
  version: 3.2.8
- name: mkdocs-material
  repository: https://helm.cmusei.dev/charts
  version: 0.2.15
digest: sha256:677340eae1bdcc27f6a2f67d017350aebf04506181d39437affdae9e91ade888
generated: "2026-05-15T18:00:27.071632021Z"
